
Microsoft Visual Studio Solution File, Format Version 12.00
# Visual Studio 15
VisualStudioVersion = 15.0.27130.2024
MinimumVisualStudioVersion = 10.0.40219.1
Project("{FAE04EC0-301F-11D3-BF4B-00C04F79EFBC}") = "Maths Quiz", "Maths Quiz\Maths Quiz.csproj", "{3BAD6FFC-60CB-479B-886D-CC6D49C66510}"
EndProject
Global
	GlobalSection(SolutionConfigurationPlatforms) = preSolution
		Debug|Any CPU = Debug|Any CPU
		Release|Any CPU = Release|Any CPU
	EndGlobalSection
	GlobalSection(ProjectConfigurationPlatforms) = postSolution
		{3BAD6FFC-60CB-479B-886D-CC6D49C66510}.Debug|Any CPU.ActiveCfg = Debug|Any CPU
		{3BAD6FFC-60CB-479B-886D-CC6D49C66510}.Debug|Any CPU.Build.0 = Debug|Any CPU
		{3BAD6FFC-60CB-479B-886D-CC6D49C66510}.Release|Any CPU.ActiveCfg = Release|Any CPU
		{3BAD6FFC-60CB-479B-886D-CC6D49C66510}.Release|Any CPU.Build.0 = Release|Any CPU
	EndGlobalSection
	GlobalSection(SolutionProperties) = preSolution
		HideSolutionNode = FALSE
	EndGlobalSection
	GlobalSection(ExtensibilityGlobals) = postSolution
		SolutionGuid = {A2C489E2-082F-4BD2-B69A-24A61F474A44}
	EndGlobalSection
EndGlobal
